// !$*UTF8*$!
{
	archiveVersion = 1;
	classes = {
	};
	objectVersion = 51;
	objects = {

/* Begin PBXBuildFile section */
		46005D1622972B21007CA597 /* AppDelegate.swift in Sources */ = {isa = PBXBuildFile; fileRef = 46005D1522972B21007CA597 /* AppDelegate.swift */; };
		46005D1D22972B22007CA597 /* Assets.xcassets in Resources */ = {isa = PBXBuildFile; fileRef = 46005D1C22972B22007CA597 /* Assets.xcassets */; };
		46005D2022972B22007CA597 /* LaunchScreen.storyboard in Resources */ = {isa = PBXBuildFile; fileRef = 46005D1E22972B22007CA597 /* LaunchScreen.storyboard */; };
		46005D2B22972B23007CA597 /* BHEDTests.swift in Sources */ = {isa = PBXBuildFile; fileRef = 46005D2A22972B23007CA597 /* BHEDTests.swift */; };
		462446EE2299A65400A63D9A /* EnumIterable.swift in Sources */ = {isa = PBXBuildFile; fileRef = 462446ED2299A65400A63D9A /* EnumIterable.swift */; };
		462C0408229739C20000FFE2 /* PostsViewController.swift in Sources */ = {isa = PBXBuildFile; fileRef = 462C0407229739C20000FFE2 /* PostsViewController.swift */; };
		462C040D22973AB50000FFE2 /* Network.swift in Sources */ = {isa = PBXBuildFile; fileRef = 462C040C22973AB50000FFE2 /* Network.swift */; };
		462C041022973B560000FFE2 /* APIRoute.swift in Sources */ = {isa = PBXBuildFile; fileRef = 462C040F22973B560000FFE2 /* APIRoute.swift */; };
		462C0413229747840000FFE2 /* Request.swift in Sources */ = {isa = PBXBuildFile; fileRef = 462C0412229747840000FFE2 /* Request.swift */; };
		462C0415229748450000FFE2 /* Post.swift in Sources */ = {isa = PBXBuildFile; fileRef = 462C0414229748450000FFE2 /* Post.swift */; };
		462C041722974C870000FFE2 /* Posts.swift in Sources */ = {isa = PBXBuildFile; fileRef = 462C041622974C870000FFE2 /* Posts.swift */; };
		462C041E229756A90000FFE2 /* Bundle.swift in Sources */ = {isa = PBXBuildFile; fileRef = 462C041D229756A90000FFE2 /* Bundle.swift */; };
		462C0421229768F90000FFE2 /* PostsViewModel.swift in Sources */ = {isa = PBXBuildFile; fileRef = 462C0420229768F90000FFE2 /* PostsViewModel.swift */; };
		462C042322978D6E0000FFE2 /* PostTableViewCell.swift in Sources */ = {isa = PBXBuildFile; fileRef = 462C042222978D6E0000FFE2 /* PostTableViewCell.swift */; };
		4672E1EC2299D9DB006F72AC /* DetailTitleTableViewCell.swift in Sources */ = {isa = PBXBuildFile; fileRef = 4672E1EB2299D9DB006F72AC /* DetailTitleTableViewCell.swift */; };
		4672E1EE2299DA81006F72AC /* UITableView.swift in Sources */ = {isa = PBXBuildFile; fileRef = 4672E1ED2299DA81006F72AC /* UITableView.swift */; };
		4672E1F02299F3BD006F72AC /* DetailInfoTableViewCell.swift in Sources */ = {isa = PBXBuildFile; fileRef = 4672E1EF2299F3BD006F72AC /* DetailInfoTableViewCell.swift */; };
		4672E1F22299F618006F72AC /* DetailBodyTableViewCell.swift in Sources */ = {isa = PBXBuildFile; fileRef = 4672E1F12299F618006F72AC /* DetailBodyTableViewCell.swift */; };
		468AECEA229855A400C514B1 /* UIViewController.swift in Sources */ = {isa = PBXBuildFile; fileRef = 468AECE9229855A400C514B1 /* UIViewController.swift */; };
		468AECEC2298567B00C514B1 /* BabylonError.swift in Sources */ = {isa = PBXBuildFile; fileRef = 468AECEB2298567B00C514B1 /* BabylonError.swift */; };
		468AECEE22985C0A00C514B1 /* DetailViewController.swift in Sources */ = {isa = PBXBuildFile; fileRef = 468AECED22985C0A00C514B1 /* DetailViewController.swift */; };
		468AECF22298982800C514B1 /* DetailViewModel.swift in Sources */ = {isa = PBXBuildFile; fileRef = 468AECF12298982800C514B1 /* DetailViewModel.swift */; };
		468AECF4229898F700C514B1 /* User.swift in Sources */ = {isa = PBXBuildFile; fileRef = 468AECF3229898F700C514B1 /* User.swift */; };
		468AECF6229899DF00C514B1 /* Address.swift in Sources */ = {isa = PBXBuildFile; fileRef = 468AECF5229899DF00C514B1 /* Address.swift */; };
		468AECF822989E0800C514B1 /* Comment.swift in Sources */ = {isa = PBXBuildFile; fileRef = 468AECF722989E0800C514B1 /* Comment.swift */; };
		468AECFA2298A08500C514B1 /* Company.swift in Sources */ = {isa = PBXBuildFile; fileRef = 468AECF92298A08500C514B1 /* Company.swift */; };
		468AECFC2298A5EC00C514B1 /* Users.swift in Sources */ = {isa = PBXBuildFile; fileRef = 468AECFB2298A5EC00C514B1 /* Users.swift */; };
		468AECFE2298A64600C514B1 /* Comments.swift in Sources */ = {isa = PBXBuildFile; fileRef = 468AECFD2298A64600C514B1 /* Comments.swift */; };
		468AED002298B0E500C514B1 /* Realm.swift in Sources */ = {isa = PBXBuildFile; fileRef = 468AECFF2298B0E500C514B1 /* Realm.swift */; };
		468AED022298F58500C514B1 /* UIColor.swift in Sources */ = {isa = PBXBuildFile; fileRef = 468AED012298F58500C514B1 /* UIColor.swift */; };
		468AED042298F5CF00C514B1 /* UIImage.swift in Sources */ = {isa = PBXBuildFile; fileRef = 468AED032298F5CF00C514B1 /* UIImage.swift */; };
		DE3B036573C74082461AAAEE /* Pods_BHEDTests.framework in Frameworks */ = {isa = PBXBuildFile; fileRef = 80534CACB393A18ADA22751F /* Pods_BHEDTests.framework */; };
		E897A63314C2E0843D4398EC /* Pods_BHED.framework in Frameworks */ = {isa = PBXBuildFile; fileRef = 77590AB8B29D6DBD1C6A90B6 /* Pods_BHED.framework */; };
/* End PBXBuildFile section */

/* Begin PBXContainerItemProxy section */
		46005D2722972B23007CA597 /* PBXContainerItemProxy */ = {
			isa = PBXContainerItemProxy;
			containerPortal = 46005D0A22972B21007CA597 /* Project object */;
			proxyType = 1;
			remoteGlobalIDString = 46005D1122972B21007CA597;
			remoteInfo = BHED;
		};
/* End PBXContainerItemProxy section */

/* Begin PBXFileReference section */
		46005D1222972B21007CA597 /* BHED.app */ = {isa = PBXFileReference; explicitFileType = wrapper.application; includeInIndex = 0; path = BHED.app; sourceTree = BUILT_PRODUCTS_DIR; };
		46005D1522972B21007CA597 /* AppDelegate.swift */ = {isa = PBXFileReference; lastKnownFileType = sourcecode.swift; path = AppDelegate.swift; sourceTree = "<group>"; };
		46005D1C22972B22007CA597 /* Assets.xcassets */ = {isa = PBXFileReference; lastKnownFileType = folder.assetcatalog; path = Assets.xcassets; sourceTree = "<group>"; };
		46005D1F22972B22007CA597 /* Base */ = {isa = PBXFileReference; lastKnownFileType = file.storyboard; name = Base; path = Base.lproj/LaunchScreen.storyboard; sourceTree = "<group>"; };
		46005D2122972B22007CA597 /* Info.plist */ = {isa = PBXFileReference; lastKnownFileType = text.plist.xml; path = Info.plist; sourceTree = "<group>"; };
		46005D2622972B23007CA597 /* BHEDTests.xctest */ = {isa = PBXFileReference; explicitFileType = wrapper.cfbundle; includeInIndex = 0; path = BHEDTests.xctest; sourceTree = BUILT_PRODUCTS_DIR; };
		46005D2A22972B23007CA597 /* BHEDTests.swift */ = {isa = PBXFileReference; lastKnownFileType = sourcecode.swift; path = BHEDTests.swift; sourceTree = "<group>"; };
		46005D2C22972B23007CA597 /* Info.plist */ = {isa = PBXFileReference; lastKnownFileType = text.plist.xml; path = Info.plist; sourceTree = "<group>"; };
		462446ED2299A65400A63D9A /* EnumIterable.swift */ = {isa = PBXFileReference; lastKnownFileType = sourcecode.swift; path = EnumIterable.swift; sourceTree = "<group>"; };
		462C0407229739C20000FFE2 /* PostsViewController.swift */ = {isa = PBXFileReference; lastKnownFileType = sourcecode.swift; path = PostsViewController.swift; sourceTree = "<group>"; };
		462C040C22973AB50000FFE2 /* Network.swift */ = {isa = PBXFileReference; lastKnownFileType = sourcecode.swift; path = Network.swift; sourceTree = "<group>"; };
		462C040F22973B560000FFE2 /* APIRoute.swift */ = {isa = PBXFileReference; lastKnownFileType = sourcecode.swift; path = APIRoute.swift; sourceTree = "<group>"; };
		462C0412229747840000FFE2 /* Request.swift */ = {isa = PBXFileReference; lastKnownFileType = sourcecode.swift; path = Request.swift; sourceTree = "<group>"; };
		462C0414229748450000FFE2 /* Post.swift */ = {isa = PBXFileReference; lastKnownFileType = sourcecode.swift; path = Post.swift; sourceTree = "<group>"; };
		462C041622974C870000FFE2 /* Posts.swift */ = {isa = PBXFileReference; lastKnownFileType = sourcecode.swift; path = Posts.swift; sourceTree = "<group>"; };
		462C041D229756A90000FFE2 /* Bundle.swift */ = {isa = PBXFileReference; lastKnownFileType = sourcecode.swift; path = Bundle.swift; sourceTree = "<group>"; };
		462C0420229768F90000FFE2 /* PostsViewModel.swift */ = {isa = PBXFileReference; lastKnownFileType = sourcecode.swift; path = PostsViewModel.swift; sourceTree = "<group>"; };
		462C042222978D6E0000FFE2 /* PostTableViewCell.swift */ = {isa = PBXFileReference; lastKnownFileType = sourcecode.swift; path = PostTableViewCell.swift; sourceTree = "<group>"; };
		4672E1EB2299D9DB006F72AC /* DetailTitleTableViewCell.swift */ = {isa = PBXFileReference; lastKnownFileType = sourcecode.swift; path = DetailTitleTableViewCell.swift; sourceTree = "<group>"; };
		4672E1ED2299DA81006F72AC /* UITableView.swift */ = {isa = PBXFileReference; lastKnownFileType = sourcecode.swift; path = UITableView.swift; sourceTree = "<group>"; };
		4672E1EF2299F3BD006F72AC /* DetailInfoTableViewCell.swift */ = {isa = PBXFileReference; lastKnownFileType = sourcecode.swift; path = DetailInfoTableViewCell.swift; sourceTree = "<group>"; };
		4672E1F12299F618006F72AC /* DetailBodyTableViewCell.swift */ = {isa = PBXFileReference; lastKnownFileType = sourcecode.swift; path = DetailBodyTableViewCell.swift; sourceTree = "<group>"; };
		468AECE9229855A400C514B1 /* UIViewController.swift */ = {isa = PBXFileReference; lastKnownFileType = sourcecode.swift; path = UIViewController.swift; sourceTree = "<group>"; };
		468AECEB2298567B00C514B1 /* BabylonError.swift */ = {isa = PBXFileReference; lastKnownFileType = sourcecode.swift; path = BabylonError.swift; sourceTree = "<group>"; };
		468AECED22985C0A00C514B1 /* DetailViewController.swift */ = {isa = PBXFileReference; lastKnownFileType = sourcecode.swift; path = DetailViewController.swift; sourceTree = "<group>"; };
		468AECF12298982800C514B1 /* DetailViewModel.swift */ = {isa = PBXFileReference; lastKnownFileType = sourcecode.swift; path = DetailViewModel.swift; sourceTree = "<group>"; };
		468AECF3229898F700C514B1 /* User.swift */ = {isa = PBXFileReference; lastKnownFileType = sourcecode.swift; path = User.swift; sourceTree = "<group>"; };
		468AECF5229899DF00C514B1 /* Address.swift */ = {isa = PBXFileReference; lastKnownFileType = sourcecode.swift; path = Address.swift; sourceTree = "<group>"; };
		468AECF722989E0800C514B1 /* Comment.swift */ = {isa = PBXFileReference; lastKnownFileType = sourcecode.swift; path = Comment.swift; sourceTree = "<group>"; };
		468AECF92298A08500C514B1 /* Company.swift */ = {isa = PBXFileReference; lastKnownFileType = sourcecode.swift; path = Company.swift; sourceTree = "<group>"; };
		468AECFB2298A5EC00C514B1 /* Users.swift */ = {isa = PBXFileReference; lastKnownFileType = sourcecode.swift; path = Users.swift; sourceTree = "<group>"; };
		468AECFD2298A64600C514B1 /* Comments.swift */ = {isa = PBXFileReference; lastKnownFileType = sourcecode.swift; path = Comments.swift; sourceTree = "<group>"; };
		468AECFF2298B0E500C514B1 /* Realm.swift */ = {isa = PBXFileReference; lastKnownFileType = sourcecode.swift; path = Realm.swift; sourceTree = "<group>"; };
		468AED012298F58500C514B1 /* UIColor.swift */ = {isa = PBXFileReference; lastKnownFileType = sourcecode.swift; path = UIColor.swift; sourceTree = "<group>"; };
		468AED032298F5CF00C514B1 /* UIImage.swift */ = {isa = PBXFileReference; lastKnownFileType = sourcecode.swift; path = UIImage.swift; sourceTree = "<group>"; };
		5E65913ED7BEF7E2F0342ADF /* Pods-BHEDTests.debug.xcconfig */ = {isa = PBXFileReference; includeInIndex = 1; lastKnownFileType = text.xcconfig; name = "Pods-BHEDTests.debug.xcconfig"; path = "Pods/Target Support Files/Pods-BHEDTests/Pods-BHEDTests.debug.xcconfig"; sourceTree = "<group>"; };
		63EFAC2CA665A4C8EA6EAD09 /* Pods-BHED.debug.xcconfig */ = {isa = PBXFileReference; includeInIndex = 1; lastKnownFileType = text.xcconfig; name = "Pods-BHED.debug.xcconfig"; path = "Pods/Target Support Files/Pods-BHED/Pods-BHED.debug.xcconfig"; sourceTree = "<group>"; };
		77590AB8B29D6DBD1C6A90B6 /* Pods_BHED.framework */ = {isa = PBXFileReference; explicitFileType = wrapper.framework; includeInIndex = 0; path = Pods_BHED.framework; sourceTree = BUILT_PRODUCTS_DIR; };
		80534CACB393A18ADA22751F /* Pods_BHEDTests.framework */ = {isa = PBXFileReference; explicitFileType = wrapper.framework; includeInIndex = 0; path = Pods_BHEDTests.framework; sourceTree = BUILT_PRODUCTS_DIR; };
		B230AE1325A37968DEBC9AB2 /* Pods-BHEDTests.release.xcconfig */ = {isa = PBXFileReference; includeInIndex = 1; lastKnownFileType = text.xcconfig; name = "Pods-BHEDTests.release.xcconfig"; path = "Pods/Target Support Files/Pods-BHEDTests/Pods-BHEDTests.release.xcconfig"; sourceTree = "<group>"; };
		D3C7D3789625F11600DD4308 /* Pods-BHED.release.xcconfig */ = {isa = PBXFileReference; includeInIndex = 1; lastKnownFileType = text.xcconfig; name = "Pods-BHED.release.xcconfig"; path = "Pods/Target Support Files/Pods-BHED/Pods-BHED.release.xcconfig"; sourceTree = "<group>"; };
/* End PBXFileReference section */

/* Begin PBXFrameworksBuildPhase section */
		46005D0F22972B21007CA597 /* Frameworks */ = {
			isa = PBXFrameworksBuildPhase;
			buildActionMask = 2147483647;
			files = (
				E897A63314C2E0843D4398EC /* Pods_BHED.framework in Frameworks */,
			);
			runOnlyForDeploymentPostprocessing = 0;
		};
		46005D2322972B23007CA597 /* Frameworks */ = {
			isa = PBXFrameworksBuildPhase;
			buildActionMask = 2147483647;
			files = (
				DE3B036573C74082461AAAEE /* Pods_BHEDTests.framework in Frameworks */,
			);
			runOnlyForDeploymentPostprocessing = 0;
		};
/* End PBXFrameworksBuildPhase section */

/* Begin PBXGroup section */
		46005D0922972B21007CA597 = {
			isa = PBXGroup;
			children = (
				46005D1422972B21007CA597 /* BHED */,
				46005D2922972B23007CA597 /* BHEDTests */,
				46005D1322972B21007CA597 /* Products */,
				A56DF6B680BAC35EDD25A007 /* Pods */,
				4DB1C4EE984B87FF9F7C15A6 /* Frameworks */,
			);
			sourceTree = "<group>";
		};
		46005D1322972B21007CA597 /* Products */ = {
			isa = PBXGroup;
			children = (
				46005D1222972B21007CA597 /* BHED.app */,
				46005D2622972B23007CA597 /* BHEDTests.xctest */,
			);
			name = Products;
			sourceTree = "<group>";
		};
		46005D1422972B21007CA597 /* BHED */ = {
			isa = PBXGroup;
			children = (
				462C040B22973A9C0000FFE2 /* Supporting Files */,
				462C040A22973A900000FFE2 /* App */,
				462C040922973A870000FFE2 /* Views */,
				462C040E22973B390000FFE2 /* Network */,
				462C04192297560B0000FFE2 /* Model */,
				462C041F229756AD0000FFE2 /* Extensions */,
			);
			path = BHED;
			sourceTree = "<group>";
		};
		46005D2922972B23007CA597 /* BHEDTests */ = {
			isa = PBXGroup;
			children = (
				46005D2A22972B23007CA597 /* BHEDTests.swift */,
				46005D2C22972B23007CA597 /* Info.plist */,
			);
			path = BHEDTests;
			sourceTree = "<group>";
		};
		462C040922973A870000FFE2 /* Views */ = {
			isa = PBXGroup;
			children = (
				468AECEF22985C1000C514B1 /* Posts */,
				468AECF022985C1A00C514B1 /* Details */,
			);
			path = Views;
			sourceTree = "<group>";
		};
		462C040A22973A900000FFE2 /* App */ = {
			isa = PBXGroup;
			children = (
				46005D1522972B21007CA597 /* AppDelegate.swift */,
				46005D2122972B22007CA597 /* Info.plist */,
			);
			path = App;
			sourceTree = "<group>";
		};
		462C040B22973A9C0000FFE2 /* Supporting Files */ = {
			isa = PBXGroup;
			children = (
				46005D1C22972B22007CA597 /* Assets.xcassets */,
				46005D1E22972B22007CA597 /* LaunchScreen.storyboard */,
			);
			path = "Supporting Files";
			sourceTree = "<group>";
		};
		462C040E22973B390000FFE2 /* Network */ = {
			isa = PBXGroup;
			children = (
				462C041122973D070000FFE2 /* API */,
				462C040C22973AB50000FFE2 /* Network.swift */,
				462C0412229747840000FFE2 /* Request.swift */,
				468AECEB2298567B00C514B1 /* BabylonError.swift */,
			);
			path = Network;
			sourceTree = "<group>";
		};
		462C041122973D070000FFE2 /* API */ = {
			isa = PBXGroup;
			children = (
				462C040F22973B560000FFE2 /* APIRoute.swift */,
				462C041622974C870000FFE2 /* Posts.swift */,
				468AECFB2298A5EC00C514B1 /* Users.swift */,
				468AECFD2298A64600C514B1 /* Comments.swift */,
			);
			path = API;
			sourceTree = "<group>";
		};
		462C04192297560B0000FFE2 /* Model */ = {
			isa = PBXGroup;
			children = (
				462C0414229748450000FFE2 /* Post.swift */,
				468AECF3229898F700C514B1 /* User.swift */,
				468AECF5229899DF00C514B1 /* Address.swift */,
				468AECF722989E0800C514B1 /* Comment.swift */,
				468AECF92298A08500C514B1 /* Company.swift */,
			);
			path = Model;
			sourceTree = "<group>";
		};
		462C041F229756AD0000FFE2 /* Extensions */ = {
			isa = PBXGroup;
			children = (
				462C041D229756A90000FFE2 /* Bundle.swift */,
				468AECE9229855A400C514B1 /* UIViewController.swift */,
				468AECFF2298B0E500C514B1 /* Realm.swift */,
				468AED012298F58500C514B1 /* UIColor.swift */,
				468AED032298F5CF00C514B1 /* UIImage.swift */,
				462446ED2299A65400A63D9A /* EnumIterable.swift */,
				4672E1ED2299DA81006F72AC /* UITableView.swift */,
			);
			path = Extensions;
			sourceTree = "<group>";
		};
		468AECEF22985C1000C514B1 /* Posts */ = {
			isa = PBXGroup;
			children = (
				462C0407229739C20000FFE2 /* PostsViewController.swift */,
				462C0420229768F90000FFE2 /* PostsViewModel.swift */,
				462C042222978D6E0000FFE2 /* PostTableViewCell.swift */,
			);
			path = Posts;
			sourceTree = "<group>";
		};
		468AECF022985C1A00C514B1 /* Details */ = {
			isa = PBXGroup;
			children = (
				468AECED22985C0A00C514B1 /* DetailViewController.swift */,
				468AECF12298982800C514B1 /* DetailViewModel.swift */,
				4672E1EB2299D9DB006F72AC /* DetailTitleTableViewCell.swift */,
				4672E1EF2299F3BD006F72AC /* DetailInfoTableViewCell.swift */,
				4672E1F12299F618006F72AC /* DetailBodyTableViewCell.swift */,
			);
			path = Details;
			sourceTree = "<group>";
		};
		4DB1C4EE984B87FF9F7C15A6 /* Frameworks */ = {
			isa = PBXGroup;
			children = (
				77590AB8B29D6DBD1C6A90B6 /* Pods_BHED.framework */,
				80534CACB393A18ADA22751F /* Pods_BHEDTests.framework */,
			);
			name = Frameworks;
			sourceTree = "<group>";
		};
		A56DF6B680BAC35EDD25A007 /* Pods */ = {
			isa = PBXGroup;
			children = (
				63EFAC2CA665A4C8EA6EAD09 /* Pods-BHED.debug.xcconfig */,
				D3C7D3789625F11600DD4308 /* Pods-BHED.release.xcconfig */,
				5E65913ED7BEF7E2F0342ADF /* Pods-BHEDTests.debug.xcconfig */,
				B230AE1325A37968DEBC9AB2 /* Pods-BHEDTests.release.xcconfig */,
			);
			name = Pods;
			sourceTree = "<group>";
		};
/* End PBXGroup section */

/* Begin PBXNativeTarget section */
		46005D1122972B21007CA597 /* BHED */ = {
			isa = PBXNativeTarget;
			buildConfigurationList = 46005D2F22972B23007CA597 /* Build configuration list for PBXNativeTarget "BHED" */;
			buildPhases = (
				BE8BDF9DD0C1D0CABA05041F /* [CP] Check Pods Manifest.lock */,
				46005D0E22972B21007CA597 /* Sources */,
				46005D0F22972B21007CA597 /* Frameworks */,
				46005D1022972B21007CA597 /* Resources */,
				0BF3242A5DC7F079901350A3 /* [CP] Embed Pods Frameworks */,
			);
			buildRules = (
			);
			dependencies = (
			);
			name = BHED;
			productName = BHED;
			productReference = 46005D1222972B21007CA597 /* BHED.app */;
			productType = "com.apple.product-type.application";
		};
		46005D2522972B23007CA597 /* BHEDTests */ = {
			isa = PBXNativeTarget;
			buildConfigurationList = 46005D3222972B23007CA597 /* Build configuration list for PBXNativeTarget "BHEDTests" */;
			buildPhases = (
				6F57BA05620DD43866CC1E0C /* [CP] Check Pods Manifest.lock */,
				46005D2222972B23007CA597 /* Sources */,
				46005D2322972B23007CA597 /* Frameworks */,
				46005D2422972B23007CA597 /* Resources */,
			);
			buildRules = (
			);
			dependencies = (
				46005D2822972B23007CA597 /* PBXTargetDependency */,
			);
			name = BHEDTests;
			productName = BHEDTests;
			productReference = 46005D2622972B23007CA597 /* BHEDTests.xctest */;
			productType = "com.apple.product-type.bundle.unit-test";
		};
/* End PBXNativeTarget section */

/* Begin PBXProject section */
		46005D0A22972B21007CA597 /* Project object */ = {
			isa = PBXProject;
			attributes = {
				LastSwiftUpdateCheck = 1020;
				LastUpgradeCheck = 1020;
				ORGANIZATIONNAME = "Joel Youngblood";
				TargetAttributes = {
					46005D1122972B21007CA597 = {
						CreatedOnToolsVersion = 10.2.1;
					};
					46005D2522972B23007CA597 = {
						CreatedOnToolsVersion = 10.2.1;
						TestTargetID = 46005D1122972B21007CA597;
					};
				};
			};
			buildConfigurationList = 46005D0D22972B21007CA597 /* Build configuration list for PBXProject "BHED" */;
			compatibilityVersion = "Xcode 9.3";
			developmentRegion = en;
			hasScannedForEncodings = 0;
			knownRegions = (
				en,
				Base,
			);
			mainGroup = 46005D0922972B21007CA597;
			productRefGroup = 46005D1322972B21007CA597 /* Products */;
			projectDirPath = "";
			projectRoot = "";
			targets = (
				46005D1122972B21007CA597 /* BHED */,
				46005D2522972B23007CA597 /* BHEDTests */,
			);
		};
/* End PBXProject section */

/* Begin PBXResourcesBuildPhase section */
		46005D1022972B21007CA597 /* Resources */ = {
			isa = PBXResourcesBuildPhase;
			buildActionMask = 2147483647;
			files = (
				46005D2022972B22007CA597 /* LaunchScreen.storyboard in Resources */,
				46005D1D22972B22007CA597 /* Assets.xcassets in Resources */,
			);
			runOnlyForDeploymentPostprocessing = 0;
		};
		46005D2422972B23007CA597 /* Resources */ = {
			isa = PBXResourcesBuildPhase;
			buildActionMask = 2147483647;
			files = (
			);
			runOnlyForDeploymentPostprocessing = 0;
		};
/* End PBXResourcesBuildPhase section */

/* Begin PBXShellScriptBuildPhase section */
		0BF3242A5DC7F079901350A3 /* [CP] Embed Pods Frameworks */ = {
			isa = PBXShellScriptBuildPhase;
			buildActionMask = 2147483647;
			files = (
			);
			inputFileListPaths = (
				"${PODS_ROOT}/Target Support Files/Pods-BHED/Pods-BHED-frameworks-${CONFIGURATION}-input-files.xcfilelist",
			);
			name = "[CP] Embed Pods Frameworks";
			outputFileListPaths = (
				"${PODS_ROOT}/Target Support Files/Pods-BHED/Pods-BHED-frameworks-${CONFIGURATION}-output-files.xcfilelist",
			);
			runOnlyForDeploymentPostprocessing = 0;
			shellPath = /bin/sh;
			shellScript = "\"${PODS_ROOT}/Target Support Files/Pods-BHED/Pods-BHED-frameworks.sh\"\n";
			showEnvVarsInLog = 0;
		};
		6F57BA05620DD43866CC1E0C /* [CP] Check Pods Manifest.lock */ = {
			isa = PBXShellScriptBuildPhase;
			buildActionMask = 2147483647;
			files = (
			);
			inputPaths = (
				"${PODS_PODFILE_DIR_PATH}/Podfile.lock",
				"${PODS_ROOT}/Manifest.lock",
			);
			name = "[CP] Check Pods Manifest.lock";
			outputPaths = (
				"$(DERIVED_FILE_DIR)/Pods-BHEDTests-checkManifestLockResult.txt",
			);
			runOnlyForDeploymentPostprocessing = 0;
			shellPath = /bin/sh;
			shellScript = "diff \"${PODS_PODFILE_DIR_PATH}/Podfile.lock\" \"${PODS_ROOT}/Manifest.lock\" > /dev/null\nif [ $? != 0 ] ; then\n    # print error to STDERR\n    echo \"error: The sandbox is not in sync with the Podfile.lock. Run 'pod install' or update your CocoaPods installation.\" >&2\n    exit 1\nfi\n# This output is used by Xcode 'outputs' to avoid re-running this script phase.\necho \"SUCCESS\" > \"${SCRIPT_OUTPUT_FILE_0}\"\n";
			showEnvVarsInLog = 0;
		};
		BE8BDF9DD0C1D0CABA05041F /* [CP] Check Pods Manifest.lock */ = {
			isa = PBXShellScriptBuildPhase;
			buildActionMask = 2147483647;
			files = (
			);
			inputPaths = (
				"${PODS_PODFILE_DIR_PATH}/Podfile.lock",
				"${PODS_ROOT}/Manifest.lock",
			);
			name = "[CP] Check Pods Manifest.lock";
			outputPaths = (
				"$(DERIVED_FILE_DIR)/Pods-BHED-checkManifestLockResult.txt",
			);
			runOnlyForDeploymentPostprocessing = 0;
			shellPath = /bin/sh;
			shellScript = "diff \"${PODS_PODFILE_DIR_PATH}/Podfile.lock\" \"${PODS_ROOT}/Manifest.lock\" > /dev/null\nif [ $? != 0 ] ; then\n    # print error to STDERR\n    echo \"error: The sandbox is not in sync with the Podfile.lock. Run 'pod install' or update your CocoaPods installation.\" >&2\n    exit 1\nfi\n# This output is used by Xcode 'outputs' to avoid re-running this script phase.\necho \"SUCCESS\" > \"${SCRIPT_OUTPUT_FILE_0}\"\n";
			showEnvVarsInLog = 0;
		};
/* End PBXShellScriptBuildPhase section */

/* Begin PBXSourcesBuildPhase section */
		46005D0E22972B21007CA597 /* Sources */ = {
			isa = PBXSourcesBuildPhase;
			buildActionMask = 2147483647;
			files = (
				468AECEE22985C0A00C514B1 /* DetailViewController.swift in Sources */,
				462C0408229739C20000FFE2 /* PostsViewController.swift in Sources */,
				4672E1F02299F3BD006F72AC /* DetailInfoTableViewCell.swift in Sources */,
				462C041E229756A90000FFE2 /* Bundle.swift in Sources */,
				462C041722974C870000FFE2 /* Posts.swift in Sources */,
				468AECEA229855A400C514B1 /* UIViewController.swift in Sources */,
				468AECFC2298A5EC00C514B1 /* Users.swift in Sources */,
				468AECF822989E0800C514B1 /* Comment.swift in Sources */,
				468AED022298F58500C514B1 /* UIColor.swift in Sources */,
				46005D1622972B21007CA597 /* AppDelegate.swift in Sources */,
				462C0413229747840000FFE2 /* Request.swift in Sources */,
				462446EE2299A65400A63D9A /* EnumIterable.swift in Sources */,
				462C0421229768F90000FFE2 /* PostsViewModel.swift in Sources */,
				468AECF4229898F700C514B1 /* User.swift in Sources */,
				468AECFE2298A64600C514B1 /* Comments.swift in Sources */,
				462C0415229748450000FFE2 /* Post.swift in Sources */,
				4672E1F22299F618006F72AC /* DetailBodyTableViewCell.swift in Sources */,
				4672E1EC2299D9DB006F72AC /* DetailTitleTableViewCell.swift in Sources */,
				468AECFA2298A08500C514B1 /* Company.swift in Sources */,
				468AECF22298982800C514B1 /* DetailViewModel.swift in Sources */,
				462C042322978D6E0000FFE2 /* PostTableViewCell.swift in Sources */,
				462C041022973B560000FFE2 /* APIRoute.swift in Sources */,
				468AED002298B0E500C514B1 /* Realm.swift in Sources */,
				468AED042298F5CF00C514B1 /* UIImage.swift in Sources */,
				468AECEC2298567B00C514B1 /* BabylonError.swift in Sources */,
				4672E1EE2299DA81006F72AC /* UITableView.swift in Sources */,
				468AECF6229899DF00C514B1 /* Address.swift in Sources */,
				462C040D22973AB50000FFE2 /* Network.swift in Sources */,
			);
			runOnlyForDeploymentPostprocessing = 0;
		};
		46005D2222972B23007CA597 /* Sources */ = {
			isa = PBXSourcesBuildPhase;
			buildActionMask = 2147483647;
			files = (
				46005D2B22972B23007CA597 /* BHEDTests.swift in Sources */,
			);
			runOnlyForDeploymentPostprocessing = 0;
		};
/* End PBXSourcesBuildPhase section */

/* Begin PBXTargetDependency section */
		46005D2822972B23007CA597 /* PBXTargetDependency */ = {
			isa = PBXTargetDependency;
			target = 46005D1122972B21007CA597 /* BHED */;
			targetProxy = 46005D2722972B23007CA597 /* PBXContainerItemProxy */;
		};
/* End PBXTargetDependency section */

/* Begin PBXVariantGroup section */
		46005D1E22972B22007CA597 /* LaunchScreen.storyboard */ = {
			isa = PBXVariantGroup;
			children = (
				46005D1F22972B22007CA597 /* Base */,
			);
			name = LaunchScreen.storyboard;
			sourceTree = "<group>";
		};
/* End PBXVariantGroup section */

/* Begin XCBuildConfiguration section */
		46005D2D22972B23007CA597 /* Debug */ = {
			isa = XCBuildConfiguration;
			buildSettings = {
				ALWAYS_SEARCH_USER_PATHS = NO;
				CLANG_ANALYZER_NONNULL = YES;
				CLANG_ANALYZER_NUMBER_OBJECT_CONVERSION = YES_AGGRESSIVE;
				CLANG_CXX_LANGUAGE_STANDARD = "gnu++14";
				CLANG_CXX_LIBRARY = "libc++";
				CLANG_ENABLE_MODULES = YES;
				CLANG_ENABLE_OBJC_ARC = YES;
				CLANG_ENABLE_OBJC_WEAK = YES;
				CLANG_WARN_BLOCK_CAPTURE_AUTORELEASING = YES;
				CLANG_WARN_BOOL_CONVERSION = YES;
				CLANG_WARN_COMMA = YES;
				CLANG_WARN_CONSTANT_CONVERSION = YES;
				CLANG_WARN_DEPRECATED_OBJC_IMPLEMENTATIONS = YES;
				CLANG_WARN_DIRECT_OBJC_ISA_USAGE = YES_ERROR;
				CLANG_WARN_DOCUMENTATION_COMMENTS = YES;
				CLANG_WARN_EMPTY_BODY = YES;
				CLANG_WARN_ENUM_CONVERSION = YES;
				CLANG_WARN_INFINITE_RECURSION = YES;
				CLANG_WARN_INT_CONVERSION = YES;
				CLANG_WARN_NON_LITERAL_NULL_CONVERSION = YES;
				CLANG_WARN_OBJC_IMPLICIT_RETAIN_SELF = YES;
				CLANG_WARN_OBJC_LITERAL_CONVERSION = YES;
				CLANG_WARN_OBJC_ROOT_CLASS = YES_ERROR;
				CLANG_WARN_RANGE_LOOP_ANALYSIS = YES;
				CLANG_WARN_STRICT_PROTOTYPES = YES;
				CLANG_WARN_SUSPICIOUS_MOVE = YES;
				CLANG_WARN_UNGUARDED_AVAILABILITY = YES_AGGRESSIVE;
				CLANG_WARN_UNREACHABLE_CODE = YES;
				CLANG_WARN__DUPLICATE_METHOD_MATCH = YES;
				CODE_SIGN_IDENTITY = "iPhone Developer";
				COPY_PHASE_STRIP = NO;
				DEBUG_INFORMATION_FORMAT = dwarf;
				ENABLE_STRICT_OBJC_MSGSEND = YES;
				ENABLE_TESTABILITY = YES;
				GCC_C_LANGUAGE_STANDARD = gnu11;
				GCC_DYNAMIC_NO_PIC = NO;
				GCC_NO_COMMON_BLOCKS = YES;
				GCC_OPTIMIZATION_LEVEL = 0;
				GCC_PREPROCESSOR_DEFINITIONS = (
					"DEBUG=1",
					"$(inherited)",
				);
				GCC_WARN_64_TO_32_BIT_CONVERSION = YES;
				GCC_WARN_ABOUT_RETURN_TYPE = YES_ERROR;
				GCC_WARN_UNDECLARED_SELECTOR = YES;
				GCC_WARN_UNINITIALIZED_AUTOS = YES_AGGRESSIVE;
				GCC_WARN_UNUSED_FUNCTION = YES;
				GCC_WARN_UNUSED_VARIABLE = YES;
				IPHONEOS_DEPLOYMENT_TARGET = 12.2;
				MTL_ENABLE_DEBUG_INFO = INCLUDE_SOURCE;
				MTL_FAST_MATH = YES;
				ONLY_ACTIVE_ARCH = YES;
				SDKROOT = iphoneos;
				SWIFT_ACTIVE_COMPILATION_CONDITIONS = DEBUG;
				SWIFT_OPTIMIZATION_LEVEL = "-Onone";
			};
			name = Debug;
		};
		46005D2E22972B23007CA597 /* Release */ = {
			isa = XCBuildConfiguration;
			buildSettings = {
				ALWAYS_SEARCH_USER_PATHS = NO;
				CLANG_ANALYZER_NONNULL = YES;
				CLANG_ANALYZER_NUMBER_OBJECT_CONVERSION = YES_AGGRESSIVE;
				CLANG_CXX_LANGUAGE_STANDARD = "gnu++14";
				CLANG_CXX_LIBRARY = "libc++";
				CLANG_ENABLE_MODULES = YES;
				CLANG_ENABLE_OBJC_ARC = YES;
				CLANG_ENABLE_OBJC_WEAK = YES;
				CLANG_WARN_BLOCK_CAPTURE_AUTORELEASING = YES;
				CLANG_WARN_BOOL_CONVERSION = YES;
				CLANG_WARN_COMMA = YES;
				CLANG_WARN_CONSTANT_CONVERSION = YES;
				CLANG_WARN_DEPRECATED_OBJC_IMPLEMENTATIONS = YES;
				CLANG_WARN_DIRECT_OBJC_ISA_USAGE = YES_ERROR;
				CLANG_WARN_DOCUMENTATION_COMMENTS = YES;
				CLANG_WARN_EMPTY_BODY = YES;
				CLANG_WARN_ENUM_CONVERSION = YES;
				CLANG_WARN_INFINITE_RECURSION = YES;
				CLANG_WARN_INT_CONVERSION = YES;
				CLANG_WARN_NON_LITERAL_NULL_CONVERSION = YES;
				CLANG_WARN_OBJC_IMPLICIT_RETAIN_SELF = YES;
				CLANG_WARN_OBJC_LITERAL_CONVERSION = YES;
				CLANG_WARN_OBJC_ROOT_CLASS = YES_ERROR;
				CLANG_WARN_RANGE_LOOP_ANALYSIS = YES;
				CLANG_WARN_STRICT_PROTOTYPES = YES;
				CLANG_WARN_SUSPICIOUS_MOVE = YES;
				CLANG_WARN_UNGUARDED_AVAILABILITY = YES_AGGRESSIVE;
				CLANG_WARN_UNREACHABLE_CODE = YES;
				CLANG_WARN__DUPLICATE_METHOD_MATCH = YES;
				CODE_SIGN_IDENTITY = "iPhone Developer";
				COPY_PHASE_STRIP = NO;
				DEBUG_INFORMATION_FORMAT = "dwarf-with-dsym";
				ENABLE_NS_ASSERTIONS = NO;
				ENABLE_STRICT_OBJC_MSGSEND = YES;
				GCC_C_LANGUAGE_STANDARD = gnu11;
				GCC_NO_COMMON_BLOCKS = YES;
				GCC_WARN_64_TO_32_BIT_CONVERSION = YES;
				GCC_WARN_ABOUT_RETURN_TYPE = YES_ERROR;
				GCC_WARN_UNDECLARED_SELECTOR = YES;
				GCC_WARN_UNINITIALIZED_AUTOS = YES_AGGRESSIVE;
				GCC_WARN_UNUSED_FUNCTION = YES;
				GCC_WARN_UNUSED_VARIABLE = YES;
				IPHONEOS_DEPLOYMENT_TARGET = 12.2;
				MTL_ENABLE_DEBUG_INFO = NO;
				MTL_FAST_MATH = YES;
				SDKROOT = iphoneos;
				SWIFT_COMPILATION_MODE = wholemodule;
				SWIFT_OPTIMIZATION_LEVEL = "-O";
				VALIDATE_PRODUCT = YES;
			};
			name = Release;
		};
		46005D3022972B23007CA597 /* Debug */ = {
			isa = XCBuildConfiguration;
			baseConfigurationReference = 63EFAC2CA665A4C8EA6EAD09 /* Pods-BHED.debug.xcconfig */;
			buildSettings = {
				ASSETCATALOG_COMPILER_APPICON_NAME = AppIcon;
				CODE_SIGN_STYLE = Automatic;
				DEVELOPMENT_TEAM = 6D5VRUPLNQ;
				INFOPLIST_FILE = "$(SRCROOT)/BHED/App/Info.plist";
				LD_RUNPATH_SEARCH_PATHS = (
					"$(inherited)",
					"@executable_path/Frameworks",
				);
				PRODUCT_BUNDLE_IDENTIFIER = com.youngblood.BHED;
				PRODUCT_NAME = "$(TARGET_NAME)";
				SWIFT_VERSION = 5.0;
				TARGETED_DEVICE_FAMILY = "1,2";
			};
			name = Debug;
		};
		46005D3122972B23007CA597 /* Release */ = {
			isa = XCBuildConfiguration;
			baseConfigurationReference = D3C7D3789625F11600DD4308 /* Pods-BHED.release.xcconfig */;
			buildSettings = {
				ASSETCATALOG_COMPILER_APPICON_NAME = AppIcon;
				CODE_SIGN_STYLE = Automatic;
				DEVELOPMENT_TEAM = 6D5VRUPLNQ;
				INFOPLIST_FILE = "$(SRCROOT)/BHED/App/Info.plist";
				LD_RUNPATH_SEARCH_PATHS = (
					"$(inherited)",
					"@executable_path/Frameworks",
				);
				PRODUCT_BUNDLE_IDENTIFIER = com.youngblood.BHED;
				PRODUCT_NAME = "$(TARGET_NAME)";
				SWIFT_VERSION = 5.0;
				TARGETED_DEVICE_FAMILY = "1,2";
			};
			name = Release;
		};
		46005D3322972B23007CA597 /* Debug */ = {
			isa = XCBuildConfiguration;
			baseConfigurationReference = 5E65913ED7BEF7E2F0342ADF /* Pods-BHEDTests.debug.xcconfig */;
			buildSettings = {
				ALWAYS_EMBED_SWIFT_STANDARD_LIBRARIES = YES;
				BUNDLE_LOADER = "$(TEST_HOST)";
				CODE_SIGN_STYLE = Automatic;
				DEVELOPMENT_TEAM = 6D5VRUPLNQ;
				INFOPLIST_FILE = BHEDTests/Info.plist;
				LD_RUNPATH_SEARCH_PATHS = (
					"$(inherited)",
					"@executable_path/Frameworks",
					"@loader_path/Frameworks",
				);
				PRODUCT_BUNDLE_IDENTIFIER = com.youngblood.BHEDTests;
				PRODUCT_NAME = "$(TARGET_NAME)";
				SWIFT_VERSION = 5.0;
				TARGETED_DEVICE_FAMILY = "1,2";
				TEST_HOST = "$(BUILT_PRODUCTS_DIR)/BHED.app/BHED";
			};
			name = Debug;
		};
		46005D3422972B23007CA597 /* Release */ = {
			isa = XCBuildConfiguration;
			baseConfigurationReference = B230AE1325A37968DEBC9AB2 /* Pods-BHEDTests.release.xcconfig */;
			buildSettings = {
				ALWAYS_EMBED_SWIFT_STANDARD_LIBRARIES = YES;
				BUNDLE_LOADER = "$(TEST_HOST)";
				CODE_SIGN_STYLE = Automatic;
				DEVELOPMENT_TEAM = 6D5VRUPLNQ;
				INFOPLIST_FILE = BHEDTests/Info.plist;
				LD_RUNPATH_SEARCH_PATHS = (
					"$(inherited)",
					"@executable_path/Frameworks",
					"@loader_path/Frameworks",
				);
				PRODUCT_BUNDLE_IDENTIFIER = com.youngblood.BHEDTests;
				PRODUCT_NAME = "$(TARGET_NAME)";
				SWIFT_VERSION = 5.0;
				TARGETED_DEVICE_FAMILY = "1,2";
				TEST_HOST = "$(BUILT_PRODUCTS_DIR)/BHED.app/BHED";
			};
			name = Release;
		};
/* End XCBuildConfiguration section */

/* Begin XCConfigurationList section */
		46005D0D22972B21007CA597 /* Build configuration list for PBXProject "BHED" */ = {
			isa = XCConfigurationList;
			buildConfigurations = (
				46005D2D22972B23007CA597 /* Debug */,
				46005D2E22972B23007CA597 /* Release */,
			);
			defaultConfigurationIsVisible = 0;
			defaultConfigurationName = Release;
		};
		46005D2F22972B23007CA597 /* Build configuration list for PBXNativeTarget "BHED" */ = {
			isa = XCConfigurationList;
			buildConfigurations = (
				46005D3022972B23007CA597 /* Debug */,
				46005D3122972B23007CA597 /* Release */,
			);
			defaultConfigurationIsVisible = 0;
			defaultConfigurationName = Release;
		};
		46005D3222972B23007CA597 /* Build configuration list for PBXNativeTarget "BHEDTests" */ = {
			isa = XCConfigurationList;
			buildConfigurations = (
				46005D3322972B23007CA597 /* Debug */,
				46005D3422972B23007CA597 /* Release */,
			);
			defaultConfigurationIsVisible = 0;
			defaultConfigurationName = Release;
		};
/* End XCConfigurationList section */
	};
	rootObject = 46005D0A22972B21007CA597 /* Project object */;
}
