PODS:
  - Alamofire (4.8.2)
  - "NSObject+Rx (4.4.1)":
    - RxSwift (~> 4.3)
  - Realm (3.15.0):
    - Realm/Headers (= 3.15.0)
  - Realm/Headers (3.15.0)
  - RealmSwift (3.15.0):
    - Realm (= 3.15.0)
  - RxAlamofire (4.3.0):
    - RxAlamofire/Core (= 4.3.0)
  - RxAlamofire/Core (4.3.0):
    - Alamofire (~> 4.5)
    - RxSwift (~> 4)
  - RxCocoa (4.5.0):
    - RxSwift (>= 4.4.2, ~> 4.4)
  - RxRealm (0.7.6):
    - RealmSwift (~> 3.0)
    - RxSwift (~> 4.0)
  - RxRealmDataSources (0.2.10):
    - RealmSwift (~> 3.10)
    - RxCocoa (~> 4.0)
    - RxRealm (~> 0.7.6)
    - RxSwift (~> 4.0)
  - RxSwift (4.5.0)
  - SnapKit (5.0.0)
  - Toast-Swift (5.0.0)

DEPENDENCIES:
  - Alamofire (~> 4.8.2)
  - "NSObject+Rx"
  - RealmSwift
  - RxAlamofire
  - RxCocoa (~> 4.5)
  - RxRealm
  - RxRealmDataSources
  - RxSwift (~> 4.5)
  - SnapKit (~> 5.0.0)
  - Toast-Swift (~> 5.0.0)

SPEC REPOS:
  https://github.com/cocoapods/specs.git:
    - Alamofire
    - "NSObject+Rx"
    - Realm
    - RealmSwift
    - RxAlamofire
    - RxCocoa
    - RxRealm
    - RxRealmDataSources
    - RxSwift
    - SnapKit
    - Toast-Swift

SPEC CHECKSUMS:
  Alamofire: ae5c501addb7afdbb13687d7f2f722c78734c2d3
  "NSObject+Rx": 9884a92f19b610795c431e10b4e601913b59c9e9
  Realm: 9b834e1be6062f544805252c812348872dc5d4ed
  RealmSwift: 8a41886f8ab6efef9eb8df97de2f2bb911561a79
  RxAlamofire: 09624d0f2d48ed8b686e4eb4cf68e28cbd2df556
  RxCocoa: cbf70265dc65a981d4ac982e513c10cf23df24a0
  RxRealm: 5379eddd74f8d617ca7681d1f8d144af25b432b0
  RxRealmDataSources: 89b61c0d3edf7769da2a6bf4dcf317bc713394db
  RxSwift: f172070dfd1a93d70a9ab97a5a01166206e1c575
  SnapKit: fd22d10eb9aff484d79a8724eab922c1ddf89bcf
  Toast-Swift: 36f4720243c8582c2be243a60a51e193c761f541

PODFILE CHECKSUM: 7d709e57f1fe67430379ba6fb7147ffa9afc3e5e

COCOAPODS: 1.7.0
